{
  "checksum": "7d7da6e1d1db64789c69e48d3786e5748ac9a378f39289cc4a83f76de905a520",
  "crates": {
    "cfg-if 1.0.0": {
      "name": "cfg-if",
      "version": "1.0.0",
      "repository": {
        "Http": {
          "url": "https://crates.io/api/v1/crates/cfg-if/1.0.0/download",
          "sha256": "baf1de4339761588bc0619e3cbc0120ee582ebb74b53b4efbf79117bd2da40fd"
        }
      },
      "targets": [
        {
          "Library": {
            "crate_name": "cfg_if",
            "crate_root": "src/lib.rs",
            "srcs": {
              "include": [
                "**/*.rs"
              ],
              "exclude": []
            }
          }
        }
      ],
      "library_target_name": "cfg_if",
      "common_attrs": {
        "compile_data_glob": [
          "**"
        ],
        "edition": "2018",
        "version": "1.0.0"
      },
      "license": "MIT/Apache-2.0"
    },
    "direct-cargo-bazel-deps 0.0.1": {
      "name": "direct-cargo-bazel-deps",
      "version": "0.0.1",
      "repository": null,
      "targets": [
        {
          "Library": {
            "crate_name": "direct_cargo_bazel_deps",
            "crate_root": ".direct_cargo_bazel_deps.rs",
            "srcs": {
              "include": [
                "**/*.rs"
              ],
              "exclude": []
            }
          }
        }
      ],
      "library_target_name": "direct_cargo_bazel_deps",
      "common_attrs": {
        "compile_data_glob": [
          "**"
        ],
        "deps": {
          "common": [
            {
              "id": "getrandom 0.2.6",
              "target": "getrandom"
            }
          ],
          "selects": {}
        },
        "edition": "2018",
        "version": "0.0.1"
      },
      "license": null
    },
    "getrandom 0.2.6": {
      "name": "getrandom",
      "version": "0.2.6",
      "repository": {
        "Http": {
          "url": "https://crates.io/api/v1/crates/getrandom/0.2.6/download",
          "sha256": "9be70c98951c83b8d2f8f60d7065fa6d5146873094452a1008da8c2f1e4205ad"
        }
      },
      "targets": [
        {
          "Library": {
            "crate_name": "getrandom",
            "crate_root": "src/lib.rs",
            "srcs": {
              "include": [
                "**/*.rs"
              ],
              "exclude": []
            }
          }
        }
      ],
      "library_target_name": "getrandom",
      "common_attrs": {
        "compile_data_glob": [
          "**"
        ],
        "crate_features": [
          "custom"
        ],
        "deps": {
          "common": [
            {
              "id": "cfg-if 1.0.0",
              "target": "cfg_if"
            }
          ],
          "selects": {
            "cfg(target_os = \"wasi\")": [
              {
                "id": "wasi 0.10.2+wasi-snapshot-preview1",
                "target": "wasi"
              }
            ],
            "cfg(unix)": [
              {
                "id": "libc 0.2.126",
                "target": "libc"
              }
            ]
          }
        },
        "edition": "2018",
        "version": "0.2.6"
      },
      "license": "MIT OR Apache-2.0"
    },
    "libc 0.2.126": {
      "name": "libc",
      "version": "0.2.126",
      "repository": {
        "Http": {
          "url": "https://crates.io/api/v1/crates/libc/0.2.126/download",
          "sha256": "349d5a591cd28b49e1d1037471617a32ddcda5731b99419008085f72d5a53836"
        }
      },
      "targets": [
        {
          "Library": {
            "crate_name": "libc",
            "crate_root": "src/lib.rs",
            "srcs": {
              "include": [
                "**/*.rs"
              ],
              "exclude": []
            }
          }
        },
        {
          "BuildScript": {
            "crate_name": "build_script_build",
            "crate_root": "build.rs",
            "srcs": {
              "include": [
                "**/*.rs"
              ],
              "exclude": []
            }
          }
        }
      ],
      "library_target_name": "libc",
      "common_attrs": {
        "compile_data_glob": [
          "**"
        ],
        "deps": {
          "common": [
            {
              "id": "libc 0.2.126",
              "target": "build_script_build"
            }
          ],
          "selects": {}
        },
        "edition": "2015",
        "version": "0.2.126"
      },
      "build_script_attrs": {
        "data_glob": [
          "**"
        ]
      },
      "license": "MIT OR Apache-2.0"
    },
    "wasi 0.10.2+wasi-snapshot-preview1": {
      "name": "wasi",
      "version": "0.10.2+wasi-snapshot-preview1",
      "repository": {
        "Http": {
          "url": "https://crates.io/api/v1/crates/wasi/0.10.2+wasi-snapshot-preview1/download",
          "sha256": "fd6fbd9a79829dd1ad0cc20627bf1ed606756a7f77edff7b66b7064f9cb327c6"
        }
      },
      "targets": [
        {
          "Library": {
            "crate_name": "wasi",
            "crate_root": "src/lib.rs",
            "srcs": {
              "include": [
                "**/*.rs"
              ],
              "exclude": []
            }
          }
        }
      ],
      "library_target_name": "wasi",
      "common_attrs": {
        "compile_data_glob": [
          "**"
        ],
        "crate_features": [
          "default",
          "std"
        ],
        "edition": "2018",
        "version": "0.10.2+wasi-snapshot-preview1"
      },
      "license": "Apache-2.0 WITH LLVM-exception OR Apache-2.0 OR MIT"
    }
  },
  "binary_crates": [],
  "workspace_members": {
    "direct-cargo-bazel-deps 0.0.1": ""
  },
  "conditions": {
    "cfg(target_os = \"wasi\")": [
      "wasm32-wasi"
    ],
    "cfg(unix)": [
      "aarch64-apple-darwin",
      "aarch64-apple-ios",
      "aarch64-apple-ios-sim",
      "aarch64-linux-android",
      "aarch64-unknown-linux-gnu",
      "arm-unknown-linux-gnueabi",
      "armv7-unknown-linux-gnueabi",
      "i686-apple-darwin",
      "i686-linux-android",
      "i686-unknown-freebsd",
      "i686-unknown-linux-gnu",
      "powerpc-unknown-linux-gnu",
      "s390x-unknown-linux-gnu",
      "x86_64-apple-darwin",
      "x86_64-apple-ios",
      "x86_64-linux-android",
      "x86_64-unknown-freebsd",
      "x86_64-unknown-linux-gnu"
    ]
  }
}
