# This file was autogenerated by Stack.
# You should not edit this file by hand.
# For more information, please see the documentation at:
#   https://docs.haskellstack.org/en/stable/lock_files

packages:
- completed:
    name: candid
    version: '0.1'
    git: https://github.com/nomeata/haskell-candid.git
    pantry-tree:
      size: 1763
      sha256: ad01fa1eb9235bc60a40ec0dbdd71aa89871cfa9a7a6e570e04d51227c4bd88e
    commit: 26b6aacbe04fa59b977a0e8e3038e9ddb8f5196c
  original:
    git: https://github.com/nomeata/haskell-candid.git
    commit: 26b6aacbe04fa59b977a0e8e3038e9ddb8f5196c
- completed:
    hackage: constraints-0.12@sha256:7edf1e72a92d0a6761da634f08be9123dfcc0dcec11c269cbf465a09721c3481,2322
    pantry-tree:
      size: 867
      sha256: c3422b7121927dd912d2b2b40d12f8addd991b83933d9f1415dfac883ada0c46
  original:
    hackage: constraints-0.12@sha256:7edf1e72a92d0a6761da634f08be9123dfcc0dcec11c269cbf465a09721c3481,2322
- completed:
    hackage: crc-0.1.1.1@sha256:e3f496fa0c1483c936971b2e67221d36421329511b6f6278fde30b918fa69e14,1938
    pantry-tree:
      size: 626
      sha256: 1a1d21dcac899c639e7e5d55b8950697c2fd9b33293b6f41589fe571bc955e3b
  original:
    hackage: crc-0.1.1.1@sha256:e3f496fa0c1483c936971b2e67221d36421329511b6f6278fde30b918fa69e14,1938
- completed:
    hackage: hex-text-0.1.0.4@sha256:0ea54d08f85324498b2db3480f05efc17eb03177c564fce81dadef53752db2c5,1277
    pantry-tree:
      size: 367
      sha256: b71a67b4c35b8f2650fc833f0a226f2ab8472ff35050f53c0df7bd0ec4da8d17
  original:
    hackage: hex-text-0.1.0.4@sha256:0ea54d08f85324498b2db3480f05efc17eb03177c564fce81dadef53752db2c5,1277
- completed:
    hackage: leb128-cereal-1.2@sha256:ba8770629aa1fa8524cbbea3b4065b21def815a766ab6c74174aa57f8c124ead,1883
    pantry-tree:
      size: 402
      sha256: af6a4af7b400a4891918a0d3b60d16cbf90a4d5d0a101223f920d684d435754c
  original:
    hackage: leb128-cereal-1.2@sha256:ba8770629aa1fa8524cbbea3b4065b21def815a766ab6c74174aa57f8c124ead,1883
- completed:
    hackage: row-types-0.4.0.0@sha256:adf9dcf41e44e61c443a02cb9927740ea211e4cf60e68fb9d7b312da7bdd33be,3579
    pantry-tree:
      size: 777
      sha256: 505cd5e903b359f800f7fc14776df4e1d03c18c4ebfa1dfa657754c73365f0df
  original:
    hackage: row-types-0.4.0.0@sha256:adf9dcf41e44e61c443a02cb9927740ea211e4cf60e68fb9d7b312da7bdd33be,3579
snapshots:
- completed:
    size: 590102
    url: https://raw.githubusercontent.com/commercialhaskell/stackage-snapshots/master/lts/18/27.yaml
    sha256: 79a786674930a89301b0e908fad2822a48882f3d01486117693c377b8edffdbe
  original:
    url: https://raw.githubusercontent.com/commercialhaskell/stackage-snapshots/master/lts/18/27.yaml
