# This file is automatically @generated by Cargo.
# It is not intended for manual editing.
[[package]]
name = "bar"
version = "0.1.0"
dependencies = [
 "root",
]

[[package]]
name = "foo"
version = "0.1.0"
dependencies = [
 "bar",
]

[[package]]
name = "leaf1"
version = "0.1.0"
dependencies = [
 "foo",
]

[[package]]
name = "leaf2"
version = "0.1.0"
dependencies = [
 "foo",
]

[[package]]
name = "root"
version = "0.1.0"
