# This file is automatically @generated by Cargo.
# It is not intended for manual editing.
[[package]]
name = "ic-types"
version = "0.1.0"
dependencies = [
]

[[package]]
name = "affected"
version = "0.1.0"
dependencies = [
 "ic-types 0.1.0",
]

[[package]]
name = "unaffected"
version = "0.1.0"
dependencies = [
 "ic-types 0.1.1",
]
